
Microsoft Visual Studio Solution File, Format Version 12.00
# Visual Studio Version 17
VisualStudioVersion = 17.14.36915.13 d17.14
MinimumVisualStudioVersion = 10.0.40219.1
Project("{FAE04EC0-301F-11D3-BF4B-00C04F79EFBC}") = "TestTaskWeb", "TestTask\TestTaskWeb.csproj", "{8967E3CE-98BC-45D3-AABE-E1B01AEA07BA}"
EndProject
Project("{FAE04EC0-301F-11D3-BF4B-00C04F79EFBC}") = "BusinessLogic", "BusinessLogic\BusinessLogic.csproj", "{17BD0BA5-F3B8-41BE-9EC7-2672B480D135}"
EndProject
Project("{FAE04EC0-301F-11D3-BF4B-00C04F79EFBC}") = "DataAccess", "DataAccess\DataAccess.csproj", "{7CBCD409-B33B-433B-9B1E-03EFDB0F146C}"
EndProject
Global
	GlobalSection(SolutionConfigurationPlatforms) = preSolution
		Debug|Any CPU = Debug|Any CPU
		Release|Any CPU = Release|Any CPU
	EndGlobalSection
	GlobalSection(ProjectConfigurationPlatforms) = postSolution
		{8967E3CE-98BC-45D3-AABE-E1B01AEA07BA}.Debug|Any CPU.ActiveCfg = Debug|Any CPU
		{8967E3CE-98BC-45D3-AABE-E1B01AEA07BA}.Debug|Any CPU.Build.0 = Debug|Any CPU
		{8967E3CE-98BC-45D3-AABE-E1B01AEA07BA}.Release|Any CPU.ActiveCfg = Release|Any CPU
		{8967E3CE-98BC-45D3-AABE-E1B01AEA07BA}.Release|Any CPU.Build.0 = Release|Any CPU
		{17BD0BA5-F3B8-41BE-9EC7-2672B480D135}.Debug|Any CPU.ActiveCfg = Debug|Any CPU
		{17BD0BA5-F3B8-41BE-9EC7-2672B480D135}.Debug|Any CPU.Build.0 = Debug|Any CPU
		{17BD0BA5-F3B8-41BE-9EC7-2672B480D135}.Release|Any CPU.ActiveCfg = Release|Any CPU
		{17BD0BA5-F3B8-41BE-9EC7-2672B480D135}.Release|Any CPU.Build.0 = Release|Any CPU
		{7CBCD409-B33B-433B-9B1E-03EFDB0F146C}.Debug|Any CPU.ActiveCfg = Debug|Any CPU
		{7CBCD409-B33B-433B-9B1E-03EFDB0F146C}.Debug|Any CPU.Build.0 = Debug|Any CPU
		{7CBCD409-B33B-433B-9B1E-03EFDB0F146C}.Release|Any CPU.ActiveCfg = Release|Any CPU
		{7CBCD409-B33B-433B-9B1E-03EFDB0F146C}.Release|Any CPU.Build.0 = Release|Any CPU
	EndGlobalSection
	GlobalSection(SolutionProperties) = preSolution
		HideSolutionNode = FALSE
	EndGlobalSection
	GlobalSection(ExtensibilityGlobals) = postSolution
		SolutionGuid = {76D3EC09-DB4A-43FD-8DD5-11421E71A471}
	EndGlobalSection
EndGlobal
